{
  "name": "opal-connector",
  "version": "1.0.0",
  "lockfileVersion": 3,
  "requires": true,
  "packages": {
    "": {
      "name": "opal-connector",
      "version": "1.0.0",
      "license": "ISC",
      "dependencies": {
        "os": "^0.1.2",
        "systeminformation": "^5.21.12",
        "ws": "^8.14.2"
      },
      "devDependencies": {
        "@types/node": "^20.8.7",
        "@types/uuid": "^9.0.6",
        "@types/ws": "^8.5.8",
        "typescript": "^5.2.2"
      }
    },
    "node_modules/@types/node": {
      "version": "20.8.7",
      "resolved": "https://registry.npmjs.org/@types/node/-/node-20.8.7.tgz",
      "integrity": "sha512-21TKHHh3eUHIi2MloeptJWALuCu5H7HQTdTrWIFReA8ad+aggoX+lRes3ex7/FtpC+sVUpFMQ+QTfYr74mruiQ==",
      "dev": true,
      "dependencies": {
        "undici-types": "~5.25.1"
      }
    },
    "node_modules/@types/uuid": {
      "version": "9.0.6",
      "resolved": "https://registry.npmjs.org/@types/uuid/-/uuid-9.0.6.tgz",
      "integrity": "sha512-BT2Krtx4xaO6iwzwMFUYvWBWkV2pr37zD68Vmp1CDV196MzczBRxuEpD6Pr395HAgebC/co7hOphs53r8V7jew==",
      "dev": true
    },
    "node_modules/@types/ws": {
      "version": "8.5.8",
      "resolved": "https://registry.npmjs.org/@types/ws/-/ws-8.5.8.tgz",
      "integrity": "sha512-flUksGIQCnJd6sZ1l5dqCEG/ksaoAg/eUwiLAGTJQcfgvZJKF++Ta4bJA6A5aPSJmsr+xlseHn4KLgVlNnvPTg==",
      "dev": true,
      "dependencies": {
        "@types/node": "*"
      }
    },
    "node_modules/bufferutil": {
      "version": "4.0.8",
      "resolved": "https://registry.npmjs.org/bufferutil/-/bufferutil-4.0.8.tgz",
      "integrity": "sha512-4T53u4PdgsXqKaIctwF8ifXlRTTmEPJ8iEPWFdGZvcf7sbwYo6FKFEX9eNNAnzFZ7EzJAQ3CJeOtCRA4rDp7Pw==",
      "hasInstallScript": true,
      "optional": true,
      "peer": true,
      "dependencies": {
        "node-gyp-build": "^4.3.0"
      },
      "engines": {
        "node": ">=6.14.2"
      }
    },
    "node_modules/node-gyp-build": {
      "version": "4.6.1",
      "resolved": "https://registry.npmjs.org/node-gyp-build/-/node-gyp-build-4.6.1.tgz",
      "integrity": "sha512-24vnklJmyRS8ViBNI8KbtK/r/DmXQMRiOMXTNz2nrTnAYUwjmEEbnnpB/+kt+yWRv73bPsSPRFddrcIbAxSiMQ==",
      "optional": true,
      "peer": true,
      "bin": {
        "node-gyp-build": "bin.js",
        "node-gyp-build-optional": "optional.js",
        "node-gyp-build-test": "build-test.js"
      }
    },
    "node_modules/os": {
      "version": "0.1.2",
      "resolved": "https://registry.npmjs.org/os/-/os-0.1.2.tgz",
      "integrity": "sha512-ZoXJkvAnljwvc56MbvhtKVWmSkzV712k42Is2mA0+0KTSRakq5XXuXpjZjgAt9ctzl51ojhQWakQQpmOvXWfjQ=="
    },
    "node_modules/systeminformation": {
      "version": "5.21.12",
      "resolved": "https://registry.npmjs.org/systeminformation/-/systeminformation-5.21.12.tgz",
      "integrity": "sha512-fxMFr6qNqB8MG6tDsVDSdeQoPIwbFy/fQ3p51LWQYqt6PB1CeWrhcKW0c6U6UtoXuwpNawMDb7wlCkTmLXczCw==",
      "os": [
        "darwin",
        "linux",
        "win32",
        "freebsd",
        "openbsd",
        "netbsd",
        "sunos",
        "android"
      ],
      "bin": {
        "systeminformation": "lib/cli.js"
      },
      "engines": {
        "node": ">=8.0.0"
      },
      "funding": {
        "type": "Buy me a coffee",
        "url": "https://www.buymeacoffee.com/systeminfo"
      }
    },
    "node_modules/typescript": {
      "version": "5.2.2",
      "resolved": "https://registry.npmjs.org/typescript/-/typescript-5.2.2.tgz",
      "integrity": "sha512-mI4WrpHsbCIcwT9cF4FZvr80QUeKvsUsUvKDoR+X/7XHQH98xYD8YHZg7ANtz2GtZt/CBq2QJ0thkGJMHfqc1w==",
      "dev": true,
      "bin": {
        "tsc": "bin/tsc",
        "tsserver": "bin/tsserver"
      },
      "engines": {
        "node": ">=14.17"
      }
    },
    "node_modules/undici-types": {
      "version": "5.25.3",
      "resolved": "https://registry.npmjs.org/undici-types/-/undici-types-5.25.3.tgz",
      "integrity": "sha512-Ga1jfYwRn7+cP9v8auvEXN1rX3sWqlayd4HP7OKk4mZWylEmu3KzXDUGrQUN6Ol7qo1gPvB2e5gX6udnyEPgdA==",
      "dev": true
    },
    "node_modules/utf-8-validate": {
      "version": "5.0.10",
      "resolved": "https://registry.npmjs.org/utf-8-validate/-/utf-8-validate-5.0.10.tgz",
      "integrity": "sha512-Z6czzLq4u8fPOyx7TU6X3dvUZVvoJmxSQ+IcrlmagKhilxlhZgxPK6C5Jqbkw1IDUmFTM+cz9QDnnLTwDz/2gQ==",
      "hasInstallScript": true,
      "optional": true,
      "peer": true,
      "dependencies": {
        "node-gyp-build": "^4.3.0"
      },
      "engines": {
        "node": ">=6.14.2"
      }
    },
    "node_modules/ws": {
      "version": "8.14.2",
      "resolved": "https://registry.npmjs.org/ws/-/ws-8.14.2.tgz",
      "integrity": "sha512-wEBG1ftX4jcglPxgFCMJmZ2PLtSbJ2Peg6TmpJFTbe9GZYOQCDPdMYu/Tm0/bGZkw8paZnJY45J4K2PZrLYq8g==",
      "engines": {
        "node": ">=10.0.0"
      },
      "peerDependencies": {
        "bufferutil": "^4.0.1",
        "utf-8-validate": ">=5.0.2"
      },
      "peerDependenciesMeta": {
        "bufferutil": {
          "optional": true
        },
        "utf-8-validate": {
          "optional": true
        }
      }
    }
  }
}
